
Microsoft Visual Studio Solution File, Format Version 12.00
# Visual Studio Version 17
VisualStudioVersion = 17.11.35327.3
MinimumVisualStudioVersion = 10.0.40219.1
Project("{9A19103F-16F7-4668-BE54-9A1E7A4F7556}") = "HelloWorld", "HelloWorld\HelloWorld.csproj", "{102647DC-638F-464E-89C6-517D1B426AD5}"
EndProject
Project("{9A19103F-16F7-4668-BE54-9A1E7A4F7556}") = "DataTypes", "DataTypes\DataTypes.csproj", "{C402FFC5-392B-488E-944B-173055072A76}"
EndProject
Project("{9A19103F-16F7-4668-BE54-9A1E7A4F7556}") = "OutputApp", "OutputApp\OutputApp.csproj", "{8AEB83C7-70BB-48C3-BD9F-0BB30CD3A493}"
EndProject
Project("{9A19103F-16F7-4668-BE54-9A1E7A4F7556}") = "ReadApp", "ReadApp\ReadApp.csproj", "{F1154C1A-BE8B-4374-B000-B1E1C61D22F4}"
EndProject
Project("{9A19103F-16F7-4668-BE54-9A1E7A4F7556}") = "ArgsApp", "ArgsApp\ArgsApp.csproj", "{E2074318-8A54-44B9-A5E2-F764CA9D9180}"
EndProject
Project("{9A19103F-16F7-4668-BE54-9A1E7A4F7556}") = "ExpressionsApp", "ExpressionsApp\ExpressionsApp.csproj", "{369FC449-FD35-4AB4-8F57-7DDFBB737BAE}"
EndProject
Project("{9A19103F-16F7-4668-BE54-9A1E7A4F7556}") = "FactorialApp", "FactorialApp\FactorialApp.csproj", "{690CAC89-3339-4745-9261-D8ECD8A8E652}"
EndProject
Project("{9A19103F-16F7-4668-BE54-9A1E7A4F7556}") = "FiboIterativeApp", "FiboIterativeApp\FiboIterativeApp.csproj", "{F5812490-3834-4674-B098-6405AA994E01}"
EndProject
Project("{9A19103F-16F7-4668-BE54-9A1E7A4F7556}") = "FiboRecursive", "FiboRecursive\FiboRecursive.csproj", "{6A3A4D1D-C689-42BC-8F69-CD43DE099D9C}"
EndProject
Project("{9A19103F-16F7-4668-BE54-9A1E7A4F7556}") = "FiboWithArray", "FiboWithArray\FiboWithArray.csproj", "{4566EC17-D7E0-4D67-B93D-4561469BBA50}"
EndProject
Project("{9A19103F-16F7-4668-BE54-9A1E7A4F7556}") = "IgnoreNegatives", "IgnoreNegatives\IgnoreNegatives.csproj", "{AA625218-6D8B-4CB3-AAB3-86F68341D60D}"
EndProject
Project("{9A19103F-16F7-4668-BE54-9A1E7A4F7556}") = "PowerApp", "PowerApp\PowerApp.csproj", "{88197586-88A2-4BE4-AC4B-71E48069C6A0}"
EndProject
Project("{9A19103F-16F7-4668-BE54-9A1E7A4F7556}") = "PrimesApp", "PrimesApp\PrimesApp.csproj", "{0A78B04F-8602-4ED8-863C-8986DA376AD0}"
EndProject
Project("{9A19103F-16F7-4668-BE54-9A1E7A4F7556}") = "RightTriangleApp", "RightTriangleApp\RightTriangleApp.csproj", "{1F24EA7F-A0F8-4578-AAEB-DF057E3E9E6D}"
EndProject
Project("{9A19103F-16F7-4668-BE54-9A1E7A4F7556}") = "ArraysOneDim", "ArraysOneDim\ArraysOneDim.csproj", "{7C965757-3256-400C-9906-934CA83C52FD}"
EndProject
Project("{9A19103F-16F7-4668-BE54-9A1E7A4F7556}") = "Max2x2App", "Max2x2App\Max2x2App.csproj", "{096B5806-E179-4969-ADAE-9FF1DDFCFA98}"
EndProject
Project("{9A19103F-16F7-4668-BE54-9A1E7A4F7556}") = "ArraysTwoDim", "ArraysTwoDim\ArraysTwoDim.csproj", "{2C5ECEB6-4346-4301-ADB7-31573BE894BA}"
EndProject
Project("{9A19103F-16F7-4668-BE54-9A1E7A4F7556}") = "StringApp", "StringApp\StringApp.csproj", "{8337EB02-90C1-4DF9-A7D5-0AA69ADB6C4C}"
EndProject
Project("{9A19103F-16F7-4668-BE54-9A1E7A4F7556}") = "NullableStrings", "NullableStrings\NullableStrings.csproj", "{26170FCC-8CB3-4C79-B8CD-70E92C33E4FD}"
EndProject
Project("{9A19103F-16F7-4668-BE54-9A1E7A4F7556}") = "ReGex", "ReGex\ReGex.csproj", "{617DCC51-5C67-4B56-B263-79F041943F9B}"
EndProject
Project("{9A19103F-16F7-4668-BE54-9A1E7A4F7556}") = "GradesApp", "GradesApp\GradesApp.csproj", "{7995DEFB-2BD9-4B26-9B2F-0922084EA9B4}"
EndProject
Project("{9A19103F-16F7-4668-BE54-9A1E7A4F7556}") = "SwapApp", "SwapApp\SwapApp.csproj", "{DB63858B-A6D2-40E5-9E65-D35A4004CD1A}"
EndProject
Project("{9A19103F-16F7-4668-BE54-9A1E7A4F7556}") = "ParamsApp", "ParamsApp\ParamsApp.csproj", "{C3759F75-345D-4818-8073-263AEA3640B7}"
EndProject
Project("{9A19103F-16F7-4668-BE54-9A1E7A4F7556}") = "OptionalParams", "OptionalParams\OptionalParams.csproj", "{5EDB8C2A-9B8B-410E-9FEC-B9F21503BA75}"
EndProject
Project("{9A19103F-16F7-4668-BE54-9A1E7A4F7556}") = "MethodOverload", "MethodOverload\MethodOverload.csproj", "{9FD42E5E-C3D1-478D-A0D9-5199DEDE2322}"
EndProject
Project("{9A19103F-16F7-4668-BE54-9A1E7A4F7556}") = "OOApp", "OOApp\OOApp.csproj", "{7E9E3775-7F38-4625-BEE3-475EC9234A21}"
EndProject
Project("{9A19103F-16F7-4668-BE54-9A1E7A4F7556}") = "AccountApp", "AccountApp\AccountApp.csproj", "{DA972B95-3B1F-4138-BC05-73AACDEBA644}"
EndProject
Project("{9A19103F-16F7-4668-BE54-9A1E7A4F7556}") = "PointApp", "PointApp\PointApp.csproj", "{ED3F4722-3647-499E-8890-D86CCD3E0B9B}"
EndProject
Project("{9A19103F-16F7-4668-BE54-9A1E7A4F7556}") = "CopyingApp", "CopyingApp\CopyingApp.csproj", "{26CA31B1-843C-44D5-B0DA-D988338B8BC9}"
EndProject
Project("{9A19103F-16F7-4668-BE54-9A1E7A4F7556}") = "Fraction", "Fraction\Fraction.csproj", "{16C60C98-472C-410B-9BD7-4AE418DB7881}"
EndProject
Project("{9A19103F-16F7-4668-BE54-9A1E7A4F7556}") = "InterfacesApp", "InterfacesApp\InterfacesApp.csproj", "{3CFF807D-9F21-4A56-80E3-B2C0AFCC3C1C}"
EndProject
Project("{9A19103F-16F7-4668-BE54-9A1E7A4F7556}") = "pointMonolithic", "pointMonolithic\pointMonolithic.csproj", "{B0AE5CD0-EBA8-4027-8C87-E7A502F6D841}"
EndProject
Project("{9A19103F-16F7-4668-BE54-9A1E7A4F7556}") = "AbstractClassesApp", "AbstractClassesApp\AbstractClassesApp.csproj", "{06542A26-C9AF-4DBA-AEC6-08A558ABD7DE}"
EndProject
Project("{9A19103F-16F7-4668-BE54-9A1E7A4F7556}") = "CollectionsApp", "CollectionsApp\CollectionsApp.csproj", "{5797CC63-F373-4902-A7F9-CE5512276FD8}"
EndProject
Project("{9A19103F-16F7-4668-BE54-9A1E7A4F7556}") = "ProductsComparerApp", "ProductsComparerApp\ProductsComparerApp.csproj", "{7CBDC211-10AB-485E-9C4C-1A75BB8379B8}"
EndProject
Project("{9A19103F-16F7-4668-BE54-9A1E7A4F7556}") = "LinqApp", "LinqApp\LinqApp.csproj", "{DB781A2B-0601-4571-A97A-9DEEE8314139}"
EndProject
Project("{FAE04EC0-301F-11D3-BF4B-00C04F79EFBC}") = "StackApp", "StackApp\StackApp.csproj", "{FB7EBD64-25A1-4043-975A-4D616741DF7C}"
EndProject
Project("{FAE04EC0-301F-11D3-BF4B-00C04F79EFBC}") = "SinglyLinkedList", "SinglyLinkedList\SinglyLinkedList.csproj", "{4C5D9D06-9B3F-4DA0-A96C-36830EEC0E5C}"
EndProject
Project("{FAE04EC0-301F-11D3-BF4B-00C04F79EFBC}") = "FileManagement", "FileManagment\FileManagement.csproj", "{C520B225-D81D-4452-BF1F-01E7A94F1046}"
EndProject
Project("{FAE04EC0-301F-11D3-BF4B-00C04F79EFBC}") = "WebAppStarter", "WebAppStarter\WebAppStarter.csproj", "{1562726B-247F-4C8D-B819-C09878CE2328}"
EndProject
Project("{FAE04EC0-301F-11D3-BF4B-00C04F79EFBC}") = "WebApp6Starter", "WebApp6Starter\WebApp6Starter.csproj", "{C0BCABEC-A905-4B59-9638-C9E47E1968EC}"
EndProject
Project("{FAE04EC0-301F-11D3-BF4B-00C04F79EFBC}") = "WebStarter6DBApp", "WebStarter6DBApp\WebStarter6DBApp.csproj", "{4496D947-EEF3-4EC5-9A80-DEA92D900553}"
EndProject
Global
	GlobalSection(SolutionConfigurationPlatforms) = preSolution
		Debug|Any CPU = Debug|Any CPU
		Release|Any CPU = Release|Any CPU
	EndGlobalSection
	GlobalSection(ProjectConfigurationPlatforms) = postSolution
		{102647DC-638F-464E-89C6-517D1B426AD5}.Debug|Any CPU.ActiveCfg = Debug|Any CPU
		{102647DC-638F-464E-89C6-517D1B426AD5}.Debug|Any CPU.Build.0 = Debug|Any CPU
		{102647DC-638F-464E-89C6-517D1B426AD5}.Release|Any CPU.ActiveCfg = Release|Any CPU
		{102647DC-638F-464E-89C6-517D1B426AD5}.Release|Any CPU.Build.0 = Release|Any CPU
		{C402FFC5-392B-488E-944B-173055072A76}.Debug|Any CPU.ActiveCfg = Debug|Any CPU
		{C402FFC5-392B-488E-944B-173055072A76}.Debug|Any CPU.Build.0 = Debug|Any CPU
		{C402FFC5-392B-488E-944B-173055072A76}.Release|Any CPU.ActiveCfg = Release|Any CPU
		{C402FFC5-392B-488E-944B-173055072A76}.Release|Any CPU.Build.0 = Release|Any CPU
		{8AEB83C7-70BB-48C3-BD9F-0BB30CD3A493}.Debug|Any CPU.ActiveCfg = Debug|Any CPU
		{8AEB83C7-70BB-48C3-BD9F-0BB30CD3A493}.Debug|Any CPU.Build.0 = Debug|Any CPU
		{8AEB83C7-70BB-48C3-BD9F-0BB30CD3A493}.Release|Any CPU.ActiveCfg = Release|Any CPU
		{8AEB83C7-70BB-48C3-BD9F-0BB30CD3A493}.Release|Any CPU.Build.0 = Release|Any CPU
		{F1154C1A-BE8B-4374-B000-B1E1C61D22F4}.Debug|Any CPU.ActiveCfg = Debug|Any CPU
		{F1154C1A-BE8B-4374-B000-B1E1C61D22F4}.Debug|Any CPU.Build.0 = Debug|Any CPU
		{F1154C1A-BE8B-4374-B000-B1E1C61D22F4}.Release|Any CPU.ActiveCfg = Release|Any CPU
		{F1154C1A-BE8B-4374-B000-B1E1C61D22F4}.Release|Any CPU.Build.0 = Release|Any CPU
		{E2074318-8A54-44B9-A5E2-F764CA9D9180}.Debug|Any CPU.ActiveCfg = Debug|Any CPU
		{E2074318-8A54-44B9-A5E2-F764CA9D9180}.Debug|Any CPU.Build.0 = Debug|Any CPU
		{E2074318-8A54-44B9-A5E2-F764CA9D9180}.Release|Any CPU.ActiveCfg = Release|Any CPU
		{E2074318-8A54-44B9-A5E2-F764CA9D9180}.Release|Any CPU.Build.0 = Release|Any CPU
		{369FC449-FD35-4AB4-8F57-7DDFBB737BAE}.Debug|Any CPU.ActiveCfg = Debug|Any CPU
		{369FC449-FD35-4AB4-8F57-7DDFBB737BAE}.Debug|Any CPU.Build.0 = Debug|Any CPU
		{369FC449-FD35-4AB4-8F57-7DDFBB737BAE}.Release|Any CPU.ActiveCfg = Release|Any CPU
		{369FC449-FD35-4AB4-8F57-7DDFBB737BAE}.Release|Any CPU.Build.0 = Release|Any CPU
		{690CAC89-3339-4745-9261-D8ECD8A8E652}.Debug|Any CPU.ActiveCfg = Debug|Any CPU
		{690CAC89-3339-4745-9261-D8ECD8A8E652}.Debug|Any CPU.Build.0 = Debug|Any CPU
		{690CAC89-3339-4745-9261-D8ECD8A8E652}.Release|Any CPU.ActiveCfg = Release|Any CPU
		{690CAC89-3339-4745-9261-D8ECD8A8E652}.Release|Any CPU.Build.0 = Release|Any CPU
		{F5812490-3834-4674-B098-6405AA994E01}.Debug|Any CPU.ActiveCfg = Debug|Any CPU
		{F5812490-3834-4674-B098-6405AA994E01}.Debug|Any CPU.Build.0 = Debug|Any CPU
		{F5812490-3834-4674-B098-6405AA994E01}.Release|Any CPU.ActiveCfg = Release|Any CPU
		{F5812490-3834-4674-B098-6405AA994E01}.Release|Any CPU.Build.0 = Release|Any CPU
		{6A3A4D1D-C689-42BC-8F69-CD43DE099D9C}.Debug|Any CPU.ActiveCfg = Debug|Any CPU
		{6A3A4D1D-C689-42BC-8F69-CD43DE099D9C}.Debug|Any CPU.Build.0 = Debug|Any CPU
		{6A3A4D1D-C689-42BC-8F69-CD43DE099D9C}.Release|Any CPU.ActiveCfg = Release|Any CPU
		{6A3A4D1D-C689-42BC-8F69-CD43DE099D9C}.Release|Any CPU.Build.0 = Release|Any CPU
		{4566EC17-D7E0-4D67-B93D-4561469BBA50}.Debug|Any CPU.ActiveCfg = Debug|Any CPU
		{4566EC17-D7E0-4D67-B93D-4561469BBA50}.Debug|Any CPU.Build.0 = Debug|Any CPU
		{4566EC17-D7E0-4D67-B93D-4561469BBA50}.Release|Any CPU.ActiveCfg = Release|Any CPU
		{4566EC17-D7E0-4D67-B93D-4561469BBA50}.Release|Any CPU.Build.0 = Release|Any CPU
		{AA625218-6D8B-4CB3-AAB3-86F68341D60D}.Debug|Any CPU.ActiveCfg = Debug|Any CPU
		{AA625218-6D8B-4CB3-AAB3-86F68341D60D}.Debug|Any CPU.Build.0 = Debug|Any CPU
		{AA625218-6D8B-4CB3-AAB3-86F68341D60D}.Release|Any CPU.ActiveCfg = Release|Any CPU
		{AA625218-6D8B-4CB3-AAB3-86F68341D60D}.Release|Any CPU.Build.0 = Release|Any CPU
		{88197586-88A2-4BE4-AC4B-71E48069C6A0}.Debug|Any CPU.ActiveCfg = Debug|Any CPU
		{88197586-88A2-4BE4-AC4B-71E48069C6A0}.Debug|Any CPU.Build.0 = Debug|Any CPU
		{88197586-88A2-4BE4-AC4B-71E48069C6A0}.Release|Any CPU.ActiveCfg = Release|Any CPU
		{88197586-88A2-4BE4-AC4B-71E48069C6A0}.Release|Any CPU.Build.0 = Release|Any CPU
		{0A78B04F-8602-4ED8-863C-8986DA376AD0}.Debug|Any CPU.ActiveCfg = Debug|Any CPU
		{0A78B04F-8602-4ED8-863C-8986DA376AD0}.Debug|Any CPU.Build.0 = Debug|Any CPU
		{0A78B04F-8602-4ED8-863C-8986DA376AD0}.Release|Any CPU.ActiveCfg = Release|Any CPU
		{0A78B04F-8602-4ED8-863C-8986DA376AD0}.Release|Any CPU.Build.0 = Release|Any CPU
		{1F24EA7F-A0F8-4578-AAEB-DF057E3E9E6D}.Debug|Any CPU.ActiveCfg = Debug|Any CPU
		{1F24EA7F-A0F8-4578-AAEB-DF057E3E9E6D}.Debug|Any CPU.Build.0 = Debug|Any CPU
		{1F24EA7F-A0F8-4578-AAEB-DF057E3E9E6D}.Release|Any CPU.ActiveCfg = Release|Any CPU
		{1F24EA7F-A0F8-4578-AAEB-DF057E3E9E6D}.Release|Any CPU.Build.0 = Release|Any CPU
		{7C965757-3256-400C-9906-934CA83C52FD}.Debug|Any CPU.ActiveCfg = Debug|Any CPU
		{7C965757-3256-400C-9906-934CA83C52FD}.Debug|Any CPU.Build.0 = Debug|Any CPU
		{7C965757-3256-400C-9906-934CA83C52FD}.Release|Any CPU.ActiveCfg = Release|Any CPU
		{7C965757-3256-400C-9906-934CA83C52FD}.Release|Any CPU.Build.0 = Release|Any CPU
		{096B5806-E179-4969-ADAE-9FF1DDFCFA98}.Debug|Any CPU.ActiveCfg = Debug|Any CPU
		{096B5806-E179-4969-ADAE-9FF1DDFCFA98}.Debug|Any CPU.Build.0 = Debug|Any CPU
		{096B5806-E179-4969-ADAE-9FF1DDFCFA98}.Release|Any CPU.ActiveCfg = Release|Any CPU
		{096B5806-E179-4969-ADAE-9FF1DDFCFA98}.Release|Any CPU.Build.0 = Release|Any CPU
		{2C5ECEB6-4346-4301-ADB7-31573BE894BA}.Debug|Any CPU.ActiveCfg = Debug|Any CPU
		{2C5ECEB6-4346-4301-ADB7-31573BE894BA}.Debug|Any CPU.Build.0 = Debug|Any CPU
		{2C5ECEB6-4346-4301-ADB7-31573BE894BA}.Release|Any CPU.ActiveCfg = Release|Any CPU
		{2C5ECEB6-4346-4301-ADB7-31573BE894BA}.Release|Any CPU.Build.0 = Release|Any CPU
		{8337EB02-90C1-4DF9-A7D5-0AA69ADB6C4C}.Debug|Any CPU.ActiveCfg = Debug|Any CPU
		{8337EB02-90C1-4DF9-A7D5-0AA69ADB6C4C}.Debug|Any CPU.Build.0 = Debug|Any CPU
		{8337EB02-90C1-4DF9-A7D5-0AA69ADB6C4C}.Release|Any CPU.ActiveCfg = Release|Any CPU
		{8337EB02-90C1-4DF9-A7D5-0AA69ADB6C4C}.Release|Any CPU.Build.0 = Release|Any CPU
		{26170FCC-8CB3-4C79-B8CD-70E92C33E4FD}.Debug|Any CPU.ActiveCfg = Debug|Any CPU
		{26170FCC-8CB3-4C79-B8CD-70E92C33E4FD}.Debug|Any CPU.Build.0 = Debug|Any CPU
		{26170FCC-8CB3-4C79-B8CD-70E92C33E4FD}.Release|Any CPU.ActiveCfg = Release|Any CPU
		{26170FCC-8CB3-4C79-B8CD-70E92C33E4FD}.Release|Any CPU.Build.0 = Release|Any CPU
		{617DCC51-5C67-4B56-B263-79F041943F9B}.Debug|Any CPU.ActiveCfg = Debug|Any CPU
		{617DCC51-5C67-4B56-B263-79F041943F9B}.Debug|Any CPU.Build.0 = Debug|Any CPU
		{617DCC51-5C67-4B56-B263-79F041943F9B}.Release|Any CPU.ActiveCfg = Release|Any CPU
		{617DCC51-5C67-4B56-B263-79F041943F9B}.Release|Any CPU.Build.0 = Release|Any CPU
		{7995DEFB-2BD9-4B26-9B2F-0922084EA9B4}.Debug|Any CPU.ActiveCfg = Debug|Any CPU
		{7995DEFB-2BD9-4B26-9B2F-0922084EA9B4}.Debug|Any CPU.Build.0 = Debug|Any CPU
		{7995DEFB-2BD9-4B26-9B2F-0922084EA9B4}.Release|Any CPU.ActiveCfg = Release|Any CPU
		{7995DEFB-2BD9-4B26-9B2F-0922084EA9B4}.Release|Any CPU.Build.0 = Release|Any CPU
		{DB63858B-A6D2-40E5-9E65-D35A4004CD1A}.Debug|Any CPU.ActiveCfg = Debug|Any CPU
		{DB63858B-A6D2-40E5-9E65-D35A4004CD1A}.Debug|Any CPU.Build.0 = Debug|Any CPU
		{DB63858B-A6D2-40E5-9E65-D35A4004CD1A}.Release|Any CPU.ActiveCfg = Release|Any CPU
		{DB63858B-A6D2-40E5-9E65-D35A4004CD1A}.Release|Any CPU.Build.0 = Release|Any CPU
		{C3759F75-345D-4818-8073-263AEA3640B7}.Debug|Any CPU.ActiveCfg = Debug|Any CPU
		{C3759F75-345D-4818-8073-263AEA3640B7}.Debug|Any CPU.Build.0 = Debug|Any CPU
		{C3759F75-345D-4818-8073-263AEA3640B7}.Release|Any CPU.ActiveCfg = Release|Any CPU
		{C3759F75-345D-4818-8073-263AEA3640B7}.Release|Any CPU.Build.0 = Release|Any CPU
		{5EDB8C2A-9B8B-410E-9FEC-B9F21503BA75}.Debug|Any CPU.ActiveCfg = Debug|Any CPU
		{5EDB8C2A-9B8B-410E-9FEC-B9F21503BA75}.Debug|Any CPU.Build.0 = Debug|Any CPU
		{5EDB8C2A-9B8B-410E-9FEC-B9F21503BA75}.Release|Any CPU.ActiveCfg = Release|Any CPU
		{5EDB8C2A-9B8B-410E-9FEC-B9F21503BA75}.Release|Any CPU.Build.0 = Release|Any CPU
		{9FD42E5E-C3D1-478D-A0D9-5199DEDE2322}.Debug|Any CPU.ActiveCfg = Debug|Any CPU
		{9FD42E5E-C3D1-478D-A0D9-5199DEDE2322}.Debug|Any CPU.Build.0 = Debug|Any CPU
		{9FD42E5E-C3D1-478D-A0D9-5199DEDE2322}.Release|Any CPU.ActiveCfg = Release|Any CPU
		{9FD42E5E-C3D1-478D-A0D9-5199DEDE2322}.Release|Any CPU.Build.0 = Release|Any CPU
		{7E9E3775-7F38-4625-BEE3-475EC9234A21}.Debug|Any CPU.ActiveCfg = Debug|Any CPU
		{7E9E3775-7F38-4625-BEE3-475EC9234A21}.Debug|Any CPU.Build.0 = Debug|Any CPU
		{7E9E3775-7F38-4625-BEE3-475EC9234A21}.Release|Any CPU.ActiveCfg = Release|Any CPU
		{7E9E3775-7F38-4625-BEE3-475EC9234A21}.Release|Any CPU.Build.0 = Release|Any CPU
		{DA972B95-3B1F-4138-BC05-73AACDEBA644}.Debug|Any CPU.ActiveCfg = Debug|Any CPU
		{DA972B95-3B1F-4138-BC05-73AACDEBA644}.Debug|Any CPU.Build.0 = Debug|Any CPU
		{DA972B95-3B1F-4138-BC05-73AACDEBA644}.Release|Any CPU.ActiveCfg = Release|Any CPU
		{DA972B95-3B1F-4138-BC05-73AACDEBA644}.Release|Any CPU.Build.0 = Release|Any CPU
		{ED3F4722-3647-499E-8890-D86CCD3E0B9B}.Debug|Any CPU.ActiveCfg = Debug|Any CPU
		{ED3F4722-3647-499E-8890-D86CCD3E0B9B}.Debug|Any CPU.Build.0 = Debug|Any CPU
		{ED3F4722-3647-499E-8890-D86CCD3E0B9B}.Release|Any CPU.ActiveCfg = Release|Any CPU
		{ED3F4722-3647-499E-8890-D86CCD3E0B9B}.Release|Any CPU.Build.0 = Release|Any CPU
		{26CA31B1-843C-44D5-B0DA-D988338B8BC9}.Debug|Any CPU.ActiveCfg = Debug|Any CPU
		{26CA31B1-843C-44D5-B0DA-D988338B8BC9}.Debug|Any CPU.Build.0 = Debug|Any CPU
		{26CA31B1-843C-44D5-B0DA-D988338B8BC9}.Release|Any CPU.ActiveCfg = Release|Any CPU
		{26CA31B1-843C-44D5-B0DA-D988338B8BC9}.Release|Any CPU.Build.0 = Release|Any CPU
		{16C60C98-472C-410B-9BD7-4AE418DB7881}.Debug|Any CPU.ActiveCfg = Debug|Any CPU
		{16C60C98-472C-410B-9BD7-4AE418DB7881}.Debug|Any CPU.Build.0 = Debug|Any CPU
		{16C60C98-472C-410B-9BD7-4AE418DB7881}.Release|Any CPU.ActiveCfg = Release|Any CPU
		{16C60C98-472C-410B-9BD7-4AE418DB7881}.Release|Any CPU.Build.0 = Release|Any CPU
		{3CFF807D-9F21-4A56-80E3-B2C0AFCC3C1C}.Debug|Any CPU.ActiveCfg = Debug|Any CPU
		{3CFF807D-9F21-4A56-80E3-B2C0AFCC3C1C}.Debug|Any CPU.Build.0 = Debug|Any CPU
		{3CFF807D-9F21-4A56-80E3-B2C0AFCC3C1C}.Release|Any CPU.ActiveCfg = Release|Any CPU
		{3CFF807D-9F21-4A56-80E3-B2C0AFCC3C1C}.Release|Any CPU.Build.0 = Release|Any CPU
		{B0AE5CD0-EBA8-4027-8C87-E7A502F6D841}.Debug|Any CPU.ActiveCfg = Debug|Any CPU
		{B0AE5CD0-EBA8-4027-8C87-E7A502F6D841}.Debug|Any CPU.Build.0 = Debug|Any CPU
		{B0AE5CD0-EBA8-4027-8C87-E7A502F6D841}.Release|Any CPU.ActiveCfg = Release|Any CPU
		{B0AE5CD0-EBA8-4027-8C87-E7A502F6D841}.Release|Any CPU.Build.0 = Release|Any CPU
		{06542A26-C9AF-4DBA-AEC6-08A558ABD7DE}.Debug|Any CPU.ActiveCfg = Debug|Any CPU
		{06542A26-C9AF-4DBA-AEC6-08A558ABD7DE}.Debug|Any CPU.Build.0 = Debug|Any CPU
		{06542A26-C9AF-4DBA-AEC6-08A558ABD7DE}.Release|Any CPU.ActiveCfg = Release|Any CPU
		{06542A26-C9AF-4DBA-AEC6-08A558ABD7DE}.Release|Any CPU.Build.0 = Release|Any CPU
		{5797CC63-F373-4902-A7F9-CE5512276FD8}.Debug|Any CPU.ActiveCfg = Debug|Any CPU
		{5797CC63-F373-4902-A7F9-CE5512276FD8}.Debug|Any CPU.Build.0 = Debug|Any CPU
		{5797CC63-F373-4902-A7F9-CE5512276FD8}.Release|Any CPU.ActiveCfg = Release|Any CPU
		{5797CC63-F373-4902-A7F9-CE5512276FD8}.Release|Any CPU.Build.0 = Release|Any CPU
		{7CBDC211-10AB-485E-9C4C-1A75BB8379B8}.Debug|Any CPU.ActiveCfg = Debug|Any CPU
		{7CBDC211-10AB-485E-9C4C-1A75BB8379B8}.Debug|Any CPU.Build.0 = Debug|Any CPU
		{7CBDC211-10AB-485E-9C4C-1A75BB8379B8}.Release|Any CPU.ActiveCfg = Release|Any CPU
		{7CBDC211-10AB-485E-9C4C-1A75BB8379B8}.Release|Any CPU.Build.0 = Release|Any CPU
		{DB781A2B-0601-4571-A97A-9DEEE8314139}.Debug|Any CPU.ActiveCfg = Debug|Any CPU
		{DB781A2B-0601-4571-A97A-9DEEE8314139}.Debug|Any CPU.Build.0 = Debug|Any CPU
		{DB781A2B-0601-4571-A97A-9DEEE8314139}.Release|Any CPU.ActiveCfg = Release|Any CPU
		{DB781A2B-0601-4571-A97A-9DEEE8314139}.Release|Any CPU.Build.0 = Release|Any CPU
		{FB7EBD64-25A1-4043-975A-4D616741DF7C}.Debug|Any CPU.ActiveCfg = Debug|Any CPU
		{FB7EBD64-25A1-4043-975A-4D616741DF7C}.Debug|Any CPU.Build.0 = Debug|Any CPU
		{FB7EBD64-25A1-4043-975A-4D616741DF7C}.Release|Any CPU.ActiveCfg = Release|Any CPU
		{FB7EBD64-25A1-4043-975A-4D616741DF7C}.Release|Any CPU.Build.0 = Release|Any CPU
		{4C5D9D06-9B3F-4DA0-A96C-36830EEC0E5C}.Debug|Any CPU.ActiveCfg = Debug|Any CPU
		{4C5D9D06-9B3F-4DA0-A96C-36830EEC0E5C}.Debug|Any CPU.Build.0 = Debug|Any CPU
		{4C5D9D06-9B3F-4DA0-A96C-36830EEC0E5C}.Release|Any CPU.ActiveCfg = Release|Any CPU
		{4C5D9D06-9B3F-4DA0-A96C-36830EEC0E5C}.Release|Any CPU.Build.0 = Release|Any CPU
		{C520B225-D81D-4452-BF1F-01E7A94F1046}.Debug|Any CPU.ActiveCfg = Debug|Any CPU
		{C520B225-D81D-4452-BF1F-01E7A94F1046}.Debug|Any CPU.Build.0 = Debug|Any CPU
		{C520B225-D81D-4452-BF1F-01E7A94F1046}.Release|Any CPU.ActiveCfg = Release|Any CPU
		{C520B225-D81D-4452-BF1F-01E7A94F1046}.Release|Any CPU.Build.0 = Release|Any CPU
		{1562726B-247F-4C8D-B819-C09878CE2328}.Debug|Any CPU.ActiveCfg = Debug|Any CPU
		{1562726B-247F-4C8D-B819-C09878CE2328}.Debug|Any CPU.Build.0 = Debug|Any CPU
		{1562726B-247F-4C8D-B819-C09878CE2328}.Release|Any CPU.ActiveCfg = Release|Any CPU
		{1562726B-247F-4C8D-B819-C09878CE2328}.Release|Any CPU.Build.0 = Release|Any CPU
		{C0BCABEC-A905-4B59-9638-C9E47E1968EC}.Debug|Any CPU.ActiveCfg = Debug|Any CPU
		{C0BCABEC-A905-4B59-9638-C9E47E1968EC}.Debug|Any CPU.Build.0 = Debug|Any CPU
		{C0BCABEC-A905-4B59-9638-C9E47E1968EC}.Release|Any CPU.ActiveCfg = Release|Any CPU
		{C0BCABEC-A905-4B59-9638-C9E47E1968EC}.Release|Any CPU.Build.0 = Release|Any CPU
		{4496D947-EEF3-4EC5-9A80-DEA92D900553}.Debug|Any CPU.ActiveCfg = Debug|Any CPU
		{4496D947-EEF3-4EC5-9A80-DEA92D900553}.Debug|Any CPU.Build.0 = Debug|Any CPU
		{4496D947-EEF3-4EC5-9A80-DEA92D900553}.Release|Any CPU.ActiveCfg = Release|Any CPU
		{4496D947-EEF3-4EC5-9A80-DEA92D900553}.Release|Any CPU.Build.0 = Release|Any CPU
	EndGlobalSection
	GlobalSection(SolutionProperties) = preSolution
		HideSolutionNode = FALSE
	EndGlobalSection
	GlobalSection(ExtensibilityGlobals) = postSolution
		SolutionGuid = {8CDEA723-1732-420D-948E-95887231A7F7}
	EndGlobalSection
EndGlobal
